
Microsoft Visual Studio Solution File, Format Version 12.00
# Visual Studio 15
VisualStudioVersion = 15.0.28307.1022
MinimumVisualStudioVersion = 10.0.40219.1
Project("{FAE04EC0-301F-11D3-BF4B-00C04F79EFBC}") = "RestaurantApp", "RestaurantApp\RestaurantApp.csproj", "{10E86683-CF8E-4CEF-A428-4560AF93EB57}"
EndProject
Global
	GlobalSection(SolutionConfigurationPlatforms) = preSolution
		Debug|Any CPU = Debug|Any CPU
		Release|Any CPU = Release|Any CPU
	EndGlobalSection
	GlobalSection(ProjectConfigurationPlatforms) = postSolution
		{10E86683-CF8E-4CEF-A428-4560AF93EB57}.Debug|Any CPU.ActiveCfg = Debug|Any CPU
		{10E86683-CF8E-4CEF-A428-4560AF93EB57}.Debug|Any CPU.Build.0 = Debug|Any CPU
		{10E86683-CF8E-4CEF-A428-4560AF93EB57}.Release|Any CPU.ActiveCfg = Release|Any CPU
		{10E86683-CF8E-4CEF-A428-4560AF93EB57}.Release|Any CPU.Build.0 = Release|Any CPU
	EndGlobalSection
	GlobalSection(SolutionProperties) = preSolution
		HideSolutionNode = FALSE
	EndGlobalSection
	GlobalSection(ExtensibilityGlobals) = postSolution
		SolutionGuid = {33B59114-9E56-4500-8092-A1FEDED14AB8}
	EndGlobalSection
EndGlobal
